
Microsoft Visual Studio Solution File, Format Version 12.00
# Visual Studio Version 17
VisualStudioVersion = 17.2.32630.192
MinimumVisualStudioVersion = 10.0.40219.1
Project("{FAE04EC0-301F-11D3-BF4B-00C04F79EFBC}") = "MuPDFCore", "MuPDFCore\MuPDFCore.csproj", "{A9AB42D6-1357-4E20-9430-FA3526957726}"
EndProject
Project("{FAE04EC0-301F-11D3-BF4B-00C04F79EFBC}") = "MuPDFCoreCore", "MuPDFCoreCore\MuPDFCoreCore.csproj", "{1E8585E4-C14E-4424-948F-9D099C849899}"
EndProject
Project("{FAE04EC0-301F-11D3-BF4B-00C04F79EFBC}") = "PdfViewerWindw", "PdfViewerWindw\PdfViewerWindw.csproj", "{6B5648B4-7867-45D8-87A6-672243238D14}"
EndProject
Project("{FAE04EC0-301F-11D3-BF4B-00C04F79EFBC}") = "GhostScript", "GhostScript\GhostScript.csproj", "{FE88635D-C5B6-442A-B68E-5BB6CD8AAA0C}"
EndProject
Project("{FAE04EC0-301F-11D3-BF4B-00C04F79EFBC}") = "Aspose", "Aspose\Aspose.csproj", "{533A02B2-894E-495F-9B88-D1A921FDF2C6}"
EndProject
Global
	GlobalSection(SolutionConfigurationPlatforms) = preSolution
		Debug|Any CPU = Debug|Any CPU
		Release|Any CPU = Release|Any CPU
	EndGlobalSection
	GlobalSection(ProjectConfigurationPlatforms) = postSolution
		{A9AB42D6-1357-4E20-9430-FA3526957726}.Debug|Any CPU.ActiveCfg = Debug|Any CPU
		{A9AB42D6-1357-4E20-9430-FA3526957726}.Debug|Any CPU.Build.0 = Debug|Any CPU
		{A9AB42D6-1357-4E20-9430-FA3526957726}.Release|Any CPU.ActiveCfg = Release|Any CPU
		{A9AB42D6-1357-4E20-9430-FA3526957726}.Release|Any CPU.Build.0 = Release|Any CPU
		{1E8585E4-C14E-4424-948F-9D099C849899}.Debug|Any CPU.ActiveCfg = Debug|Any CPU
		{1E8585E4-C14E-4424-948F-9D099C849899}.Debug|Any CPU.Build.0 = Debug|Any CPU
		{1E8585E4-C14E-4424-948F-9D099C849899}.Release|Any CPU.ActiveCfg = Release|Any CPU
		{1E8585E4-C14E-4424-948F-9D099C849899}.Release|Any CPU.Build.0 = Release|Any CPU
		{6B5648B4-7867-45D8-87A6-672243238D14}.Debug|Any CPU.ActiveCfg = Debug|Any CPU
		{6B5648B4-7867-45D8-87A6-672243238D14}.Debug|Any CPU.Build.0 = Debug|Any CPU
		{6B5648B4-7867-45D8-87A6-672243238D14}.Release|Any CPU.ActiveCfg = Release|Any CPU
		{6B5648B4-7867-45D8-87A6-672243238D14}.Release|Any CPU.Build.0 = Release|Any CPU
		{FE88635D-C5B6-442A-B68E-5BB6CD8AAA0C}.Debug|Any CPU.ActiveCfg = Debug|Any CPU
		{FE88635D-C5B6-442A-B68E-5BB6CD8AAA0C}.Debug|Any CPU.Build.0 = Debug|Any CPU
		{FE88635D-C5B6-442A-B68E-5BB6CD8AAA0C}.Release|Any CPU.ActiveCfg = Release|Any CPU
		{FE88635D-C5B6-442A-B68E-5BB6CD8AAA0C}.Release|Any CPU.Build.0 = Release|Any CPU
		{533A02B2-894E-495F-9B88-D1A921FDF2C6}.Debug|Any CPU.ActiveCfg = Debug|Any CPU
		{533A02B2-894E-495F-9B88-D1A921FDF2C6}.Debug|Any CPU.Build.0 = Debug|Any CPU
		{533A02B2-894E-495F-9B88-D1A921FDF2C6}.Release|Any CPU.ActiveCfg = Release|Any CPU
		{533A02B2-894E-495F-9B88-D1A921FDF2C6}.Release|Any CPU.Build.0 = Release|Any CPU
	EndGlobalSection
	GlobalSection(SolutionProperties) = preSolution
		HideSolutionNode = FALSE
	EndGlobalSection
	GlobalSection(ExtensibilityGlobals) = postSolution
		SolutionGuid = {9B31E975-A5B1-4B04-B671-EE4B72E5103D}
	EndGlobalSection
EndGlobal
